
Microsoft Visual Studio Solution File, Format Version 12.00
# Visual Studio Version 16
VisualStudioVersion = 16.0.31205.134
MinimumVisualStudioVersion = 10.0.40219.1
Project("{FAE04EC0-301F-11D3-BF4B-00C04F79EFBC}") = "Aula93DataTimeKindEPadISO8601", "Aula93DataTimeKindEPadISO8601\Aula93DataTimeKindEPadISO8601.csproj", "{505F3C2C-2022-4C9E-B947-0D082B7AC06A}"
EndProject
Global
	GlobalSection(SolutionConfigurationPlatforms) = preSolution
		Debug|Any CPU = Debug|Any CPU
		Release|Any CPU = Release|Any CPU
	EndGlobalSection
	GlobalSection(ProjectConfigurationPlatforms) = postSolution
		{505F3C2C-2022-4C9E-B947-0D082B7AC06A}.Debug|Any CPU.ActiveCfg = Debug|Any CPU
		{505F3C2C-2022-4C9E-B947-0D082B7AC06A}.Debug|Any CPU.Build.0 = Debug|Any CPU
		{505F3C2C-2022-4C9E-B947-0D082B7AC06A}.Release|Any CPU.ActiveCfg = Release|Any CPU
		{505F3C2C-2022-4C9E-B947-0D082B7AC06A}.Release|Any CPU.Build.0 = Release|Any CPU
	EndGlobalSection
	GlobalSection(SolutionProperties) = preSolution
		HideSolutionNode = FALSE
	EndGlobalSection
	GlobalSection(ExtensibilityGlobals) = postSolution
		SolutionGuid = {F1714C27-09A7-42BF-84E1-E62421B6DE73}
	EndGlobalSection
EndGlobal
