
Microsoft Visual Studio Solution File, Format Version 12.00
# Visual Studio Version 16
VisualStudioVersion = 16.0.31205.134
MinimumVisualStudioVersion = 10.0.40219.1
Project("{FAE04EC0-301F-11D3-BF4B-00C04F79EFBC}") = "Aula92PropEOpTimeSpan", "Aula92PropEOpTimeSpan\Aula92PropEOpTimeSpan.csproj", "{0548F5E9-5B61-4BDA-A86D-0B51072F37B8}"
EndProject
Global
	GlobalSection(SolutionConfigurationPlatforms) = preSolution
		Debug|Any CPU = Debug|Any CPU
		Release|Any CPU = Release|Any CPU
	EndGlobalSection
	GlobalSection(ProjectConfigurationPlatforms) = postSolution
		{0548F5E9-5B61-4BDA-A86D-0B51072F37B8}.Debug|Any CPU.ActiveCfg = Debug|Any CPU
		{0548F5E9-5B61-4BDA-A86D-0B51072F37B8}.Debug|Any CPU.Build.0 = Debug|Any CPU
		{0548F5E9-5B61-4BDA-A86D-0B51072F37B8}.Release|Any CPU.ActiveCfg = Release|Any CPU
		{0548F5E9-5B61-4BDA-A86D-0B51072F37B8}.Release|Any CPU.Build.0 = Release|Any CPU
	EndGlobalSection
	GlobalSection(SolutionProperties) = preSolution
		HideSolutionNode = FALSE
	EndGlobalSection
	GlobalSection(ExtensibilityGlobals) = postSolution
		SolutionGuid = {19EDB62D-FA82-4BA5-92E1-E94F07EB7D0A}
	EndGlobalSection
EndGlobal
